
Microsoft Visual Studio Solution File, Format Version 12.00
# Visual Studio Version 17
VisualStudioVersion = 17.1.32328.378
MinimumVisualStudioVersion = 10.0.40219.1
Project("{FAE04EC0-301F-11D3-BF4B-00C04F79EFBC}") = "DotNetCore.CAP.FurionDynamicApiControllerSupport", "DotNetCore.CAP.FurionDynamicApiControllerSupport\DotNetCore.CAP.FurionDynamicApiControllerSupport.csproj", "{CFE34EC9-7F58-494D-B316-66D6FC8A6D78}"
EndProject
Global
	GlobalSection(SolutionConfigurationPlatforms) = preSolution
		Debug|Any CPU = Debug|Any CPU
		Release|Any CPU = Release|Any CPU
	EndGlobalSection
	GlobalSection(ProjectConfigurationPlatforms) = postSolution
		{CFE34EC9-7F58-494D-B316-66D6FC8A6D78}.Debug|Any CPU.ActiveCfg = Debug|Any CPU
		{CFE34EC9-7F58-494D-B316-66D6FC8A6D78}.Debug|Any CPU.Build.0 = Debug|Any CPU
		{CFE34EC9-7F58-494D-B316-66D6FC8A6D78}.Release|Any CPU.ActiveCfg = Release|Any CPU
		{CFE34EC9-7F58-494D-B316-66D6FC8A6D78}.Release|Any CPU.Build.0 = Release|Any CPU
	EndGlobalSection
	GlobalSection(SolutionProperties) = preSolution
		HideSolutionNode = FALSE
	EndGlobalSection
	GlobalSection(ExtensibilityGlobals) = postSolution
		SolutionGuid = {4C748794-9F69-442F-8136-D20304E4871A}
	EndGlobalSection
EndGlobal
